
Microsoft Visual Studio Solution File, Format Version 12.00
# Visual Studio Version 16
VisualStudioVersion = 16.0.29306.81
MinimumVisualStudioVersion = 10.0.40219.1
Project("{9A19103F-16F7-4668-BE54-9A1E7A4F7556}") = "BC", "BC\BC.csproj", "{B6586D6B-0129-4236-9009-6FAADCFF3C4D}"
EndProject
Global
	GlobalSection(SolutionConfigurationPlatforms) = preSolution
		Debug|Any CPU = Debug|Any CPU
		Release|Any CPU = Release|Any CPU
	EndGlobalSection
	GlobalSection(ProjectConfigurationPlatforms) = postSolution
		{B6586D6B-0129-4236-9009-6FAADCFF3C4D}.Debug|Any CPU.ActiveCfg = Debug|Any CPU
		{B6586D6B-0129-4236-9009-6FAADCFF3C4D}.Debug|Any CPU.Build.0 = Debug|Any CPU
		{B6586D6B-0129-4236-9009-6FAADCFF3C4D}.Release|Any CPU.ActiveCfg = Release|Any CPU
		{B6586D6B-0129-4236-9009-6FAADCFF3C4D}.Release|Any CPU.Build.0 = Release|Any CPU
	EndGlobalSection
	GlobalSection(SolutionProperties) = preSolution
		HideSolutionNode = FALSE
	EndGlobalSection
	GlobalSection(ExtensibilityGlobals) = postSolution
		SolutionGuid = {1162F9EF-4FC8-452D-B10A-4F1859E1BC1A}
	EndGlobalSection
EndGlobal
